
Microsoft Visual Studio Solution File, Format Version 12.00
# Visual Studio Version 16
VisualStudioVersion = 16.0.30011.22
MinimumVisualStudioVersion = 10.0.40219.1
Project("{2150E333-8FDC-42A3-9474-1A3956D46DE8}") = "00公共功能组件", "00公共功能组件", "{5F93F9D9-8A53-4D2F-9137-03598AB3D83D}"
EndProject
Project("{2150E333-8FDC-42A3-9474-1A3956D46DE8}") = "01业务实体模型", "01业务实体模型", "{C2365957-745D-4D6C-8A28-3D649B7D4153}"
EndProject
Project("{2150E333-8FDC-42A3-9474-1A3956D46DE8}") = "02数据处理", "02数据处理", "{25A1B2E1-2015-44DF-A1CB-731E082891FB}"
EndProject
Project("{2150E333-8FDC-42A3-9474-1A3956D46DE8}") = "03视图模型", "03视图模型", "{FFD0EB0E-5041-49A9-B8E0-07B24811A397}"
EndProject
Project("{2150E333-8FDC-42A3-9474-1A3956D46DE8}") = "04API站点", "04API站点", "{6B29C2CE-6919-4746-AA83-05423074F0C2}"
EndProject
Project("{9A19103F-16F7-4668-BE54-9A1E7A4F7556}") = "LZY.ViewModel", "LZY.ViewModel\LZY.ViewModel.csproj", "{CCD50920-4CCA-4351-9510-4DFD8DF5D71E}"
EndProject
Project("{9A19103F-16F7-4668-BE54-9A1E7A4F7556}") = "LZY.DataAccess", "LZY.DataAccess\LZY.DataAccess.csproj", "{553398AB-C7FF-4AC5-82B4-B9B34132D6FF}"
EndProject
Project("{9A19103F-16F7-4668-BE54-9A1E7A4F7556}") = "LZY.Entities", "LZY.Entities\LZY.Entities.csproj", "{50B0BDB5-4D3A-4368-8666-752D3E1ADD33}"
EndProject
Project("{9A19103F-16F7-4668-BE54-9A1E7A4F7556}") = "LZY.Common", "LZY.Common\LZY.Common.csproj", "{D12C86A4-55F8-41B0-818B-778D727C51EE}"
EndProject
Project("{2150E333-8FDC-42A3-9474-1A3956D46DE8}") = "06IdentityServer4", "06IdentityServer4", "{7E61E61B-10A0-4E33-A729-FCD694B98186}"
EndProject
Project("{9A19103F-16F7-4668-BE54-9A1E7A4F7556}") = "LZY.WebApi", "LZY.WebApi\LZY.WebApi.csproj", "{8E24E620-7FF6-4B99-9C49-4DCF394C08E6}"
EndProject
Project("{2150E333-8FDC-42A3-9474-1A3956D46DE8}") = "05WebApp", "05WebApp", "{4A258264-D338-443C-9E35-EA6F957A328E}"
EndProject
Project("{FAE04EC0-301F-11D3-BF4B-00C04F79EFBC}") = "LZY.Web", "LZY.Web\LZY.Web.csproj", "{5BCBB706-6514-4639-A67C-662D6EC58702}"
EndProject
Project("{9A19103F-16F7-4668-BE54-9A1E7A4F7556}") = "LZY.IdentityServer4", "LZY.IdentityServer4\LZY.IdentityServer4.csproj", "{C0D2E125-6946-4547-8CB8-5149603D7949}"
EndProject
Global
	GlobalSection(SolutionConfigurationPlatforms) = preSolution
		Debug|Any CPU = Debug|Any CPU
		Release|Any CPU = Release|Any CPU
	EndGlobalSection
	GlobalSection(ProjectConfigurationPlatforms) = postSolution
		{CCD50920-4CCA-4351-9510-4DFD8DF5D71E}.Debug|Any CPU.ActiveCfg = Debug|Any CPU
		{CCD50920-4CCA-4351-9510-4DFD8DF5D71E}.Debug|Any CPU.Build.0 = Debug|Any CPU
		{CCD50920-4CCA-4351-9510-4DFD8DF5D71E}.Release|Any CPU.ActiveCfg = Release|Any CPU
		{CCD50920-4CCA-4351-9510-4DFD8DF5D71E}.Release|Any CPU.Build.0 = Release|Any CPU
		{553398AB-C7FF-4AC5-82B4-B9B34132D6FF}.Debug|Any CPU.ActiveCfg = Debug|Any CPU
		{553398AB-C7FF-4AC5-82B4-B9B34132D6FF}.Debug|Any CPU.Build.0 = Debug|Any CPU
		{553398AB-C7FF-4AC5-82B4-B9B34132D6FF}.Release|Any CPU.ActiveCfg = Release|Any CPU
		{553398AB-C7FF-4AC5-82B4-B9B34132D6FF}.Release|Any CPU.Build.0 = Release|Any CPU
		{50B0BDB5-4D3A-4368-8666-752D3E1ADD33}.Debug|Any CPU.ActiveCfg = Debug|Any CPU
		{50B0BDB5-4D3A-4368-8666-752D3E1ADD33}.Debug|Any CPU.Build.0 = Debug|Any CPU
		{50B0BDB5-4D3A-4368-8666-752D3E1ADD33}.Release|Any CPU.ActiveCfg = Release|Any CPU
		{50B0BDB5-4D3A-4368-8666-752D3E1ADD33}.Release|Any CPU.Build.0 = Release|Any CPU
		{D12C86A4-55F8-41B0-818B-778D727C51EE}.Debug|Any CPU.ActiveCfg = Debug|Any CPU
		{D12C86A4-55F8-41B0-818B-778D727C51EE}.Debug|Any CPU.Build.0 = Debug|Any CPU
		{D12C86A4-55F8-41B0-818B-778D727C51EE}.Release|Any CPU.ActiveCfg = Release|Any CPU
		{D12C86A4-55F8-41B0-818B-778D727C51EE}.Release|Any CPU.Build.0 = Release|Any CPU
		{8E24E620-7FF6-4B99-9C49-4DCF394C08E6}.Debug|Any CPU.ActiveCfg = Debug|Any CPU
		{8E24E620-7FF6-4B99-9C49-4DCF394C08E6}.Debug|Any CPU.Build.0 = Debug|Any CPU
		{8E24E620-7FF6-4B99-9C49-4DCF394C08E6}.Release|Any CPU.ActiveCfg = Release|Any CPU
		{8E24E620-7FF6-4B99-9C49-4DCF394C08E6}.Release|Any CPU.Build.0 = Release|Any CPU
		{5BCBB706-6514-4639-A67C-662D6EC58702}.Debug|Any CPU.ActiveCfg = Debug|Any CPU
		{5BCBB706-6514-4639-A67C-662D6EC58702}.Debug|Any CPU.Build.0 = Debug|Any CPU
		{5BCBB706-6514-4639-A67C-662D6EC58702}.Release|Any CPU.ActiveCfg = Release|Any CPU
		{5BCBB706-6514-4639-A67C-662D6EC58702}.Release|Any CPU.Build.0 = Release|Any CPU
		{C0D2E125-6946-4547-8CB8-5149603D7949}.Debug|Any CPU.ActiveCfg = Debug|Any CPU
		{C0D2E125-6946-4547-8CB8-5149603D7949}.Debug|Any CPU.Build.0 = Debug|Any CPU
		{C0D2E125-6946-4547-8CB8-5149603D7949}.Release|Any CPU.ActiveCfg = Release|Any CPU
		{C0D2E125-6946-4547-8CB8-5149603D7949}.Release|Any CPU.Build.0 = Release|Any CPU
	EndGlobalSection
	GlobalSection(SolutionProperties) = preSolution
		HideSolutionNode = FALSE
	EndGlobalSection
	GlobalSection(NestedProjects) = preSolution
		{CCD50920-4CCA-4351-9510-4DFD8DF5D71E} = {FFD0EB0E-5041-49A9-B8E0-07B24811A397}
		{553398AB-C7FF-4AC5-82B4-B9B34132D6FF} = {25A1B2E1-2015-44DF-A1CB-731E082891FB}
		{50B0BDB5-4D3A-4368-8666-752D3E1ADD33} = {C2365957-745D-4D6C-8A28-3D649B7D4153}
		{D12C86A4-55F8-41B0-818B-778D727C51EE} = {5F93F9D9-8A53-4D2F-9137-03598AB3D83D}
		{8E24E620-7FF6-4B99-9C49-4DCF394C08E6} = {6B29C2CE-6919-4746-AA83-05423074F0C2}
		{5BCBB706-6514-4639-A67C-662D6EC58702} = {4A258264-D338-443C-9E35-EA6F957A328E}
		{C0D2E125-6946-4547-8CB8-5149603D7949} = {7E61E61B-10A0-4E33-A729-FCD694B98186}
	EndGlobalSection
	GlobalSection(ExtensibilityGlobals) = postSolution
		SolutionGuid = {ABC42F65-BBDE-40AB-97E2-D4068E9FE432}
	EndGlobalSection
EndGlobal
